// !$*UTF8*$!
{
	archiveVersion = 1;
	classes = {
	};
	objectVersion = 56;
	objects = {

/* Begin PBXBuildFile section */
		1614E5AD2A82AD64008DFC3F /* AppDelegate.swift in Sources */ = {isa = PBXBuildFile; fileRef = 1614E5AC2A82AD64008DFC3F /* AppDelegate.swift */; };
		1614E5AF2A82AD64008DFC3F /* SceneDelegate.swift in Sources */ = {isa = PBXBuildFile; fileRef = 1614E5AE2A82AD64008DFC3F /* SceneDelegate.swift */; };
		1614E5B12A82AD64008DFC3F /* ViewController.swift in Sources */ = {isa = PBXBuildFile; fileRef = 1614E5B02A82AD64008DFC3F /* ViewController.swift */; };
		1614E5B42A82AD64008DFC3F /* Main.storyboard in Resources */ = {isa = PBXBuildFile; fileRef = 1614E5B22A82AD64008DFC3F /* Main.storyboard */; };
		1614E5B62A82AD65008DFC3F /* Assets.xcassets in Resources */ = {isa = PBXBuildFile; fileRef = 1614E5B52A82AD65008DFC3F /* Assets.xcassets */; };
		1614E5B92A82AD65008DFC3F /* LaunchScreen.storyboard in Resources */ = {isa = PBXBuildFile; fileRef = 1614E5B72A82AD65008DFC3F /* LaunchScreen.storyboard */; };
		1614E5C42A82AD65008DFC3F /* AppLaunchTests.swift in Sources */ = {isa = PBXBuildFile; fileRef = 1614E5C32A82AD65008DFC3F /* AppLaunchTests.swift */; };
		1614E5CE2A82AD65008DFC3F /* AppLaunchUITests.swift in Sources */ = {isa = PBXBuildFile; fileRef = 1614E5CD2A82AD65008DFC3F /* AppLaunchUITests.swift */; };
		1614E5D02A82AD65008DFC3F /* AppLaunchUITestsLaunchTests.swift in Sources */ = {isa = PBXBuildFile; fileRef = 1614E5CF2A82AD65008DFC3F /* AppLaunchUITestsLaunchTests.swift */; };
		1614E5DD2A82B258008DFC3F /* TestingAppDelegate.swift in Sources */ = {isa = PBXBuildFile; fileRef = 1614E5DC2A82B258008DFC3F /* TestingAppDelegate.swift */; };
		1614E5DF2A82B441008DFC3F /* main.swift in Sources */ = {isa = PBXBuildFile; fileRef = 1614E5DE2A82B441008DFC3F /* main.swift */; };
/* End PBXBuildFile section */

/* Begin PBXContainerItemProxy section */
		1614E5C02A82AD65008DFC3F /* PBXContainerItemProxy */ = {
			isa = PBXContainerItemProxy;
			containerPortal = 1614E5A12A82AD64008DFC3F /* Project object */;
			proxyType = 1;
			remoteGlobalIDString = 1614E5A82A82AD64008DFC3F;
			remoteInfo = AppLaunch;
		};
		1614E5CA2A82AD65008DFC3F /* PBXContainerItemProxy */ = {
			isa = PBXContainerItemProxy;
			containerPortal = 1614E5A12A82AD64008DFC3F /* Project object */;
			proxyType = 1;
			remoteGlobalIDString = 1614E5A82A82AD64008DFC3F;
			remoteInfo = AppLaunch;
		};
/* End PBXContainerItemProxy section */

/* Begin PBXFileReference section */
		1614E5A92A82AD64008DFC3F /* AppLaunch.app */ = {isa = PBXFileReference; explicitFileType = wrapper.application; includeInIndex = 0; path = AppLaunch.app; sourceTree = BUILT_PRODUCTS_DIR; };
		1614E5AC2A82AD64008DFC3F /* AppDelegate.swift */ = {isa = PBXFileReference; lastKnownFileType = sourcecode.swift; path = AppDelegate.swift; sourceTree = "<group>"; };
		1614E5AE2A82AD64008DFC3F /* SceneDelegate.swift */ = {isa = PBXFileReference; lastKnownFileType = sourcecode.swift; path = SceneDelegate.swift; sourceTree = "<group>"; };
		1614E5B02A82AD64008DFC3F /* ViewController.swift */ = {isa = PBXFileReference; lastKnownFileType = sourcecode.swift; path = ViewController.swift; sourceTree = "<group>"; };
		1614E5B32A82AD64008DFC3F /* Base */ = {isa = PBXFileReference; lastKnownFileType = file.storyboard; name = Base; path = Base.lproj/Main.storyboard; sourceTree = "<group>"; };
		1614E5B52A82AD65008DFC3F /* Assets.xcassets */ = {isa = PBXFileReference; lastKnownFileType = folder.assetcatalog; path = Assets.xcassets; sourceTree = "<group>"; };
		1614E5B82A82AD65008DFC3F /* Base */ = {isa = PBXFileReference; lastKnownFileType = file.storyboard; name = Base; path = Base.lproj/LaunchScreen.storyboard; sourceTree = "<group>"; };
		1614E5BA2A82AD65008DFC3F /* Info.plist */ = {isa = PBXFileReference; lastKnownFileType = text.plist.xml; path = Info.plist; sourceTree = "<group>"; };
		1614E5BF2A82AD65008DFC3F /* AppLaunchTests.xctest */ = {isa = PBXFileReference; explicitFileType = wrapper.cfbundle; includeInIndex = 0; path = AppLaunchTests.xctest; sourceTree = BUILT_PRODUCTS_DIR; };
		1614E5C32A82AD65008DFC3F /* AppLaunchTests.swift */ = {isa = PBXFileReference; lastKnownFileType = sourcecode.swift; path = AppLaunchTests.swift; sourceTree = "<group>"; };
		1614E5C92A82AD65008DFC3F /* AppLaunchUITests.xctest */ = {isa = PBXFileReference; explicitFileType = wrapper.cfbundle; includeInIndex = 0; path = AppLaunchUITests.xctest; sourceTree = BUILT_PRODUCTS_DIR; };
		1614E5CD2A82AD65008DFC3F /* AppLaunchUITests.swift */ = {isa = PBXFileReference; lastKnownFileType = sourcecode.swift; path = AppLaunchUITests.swift; sourceTree = "<group>"; };
		1614E5CF2A82AD65008DFC3F /* AppLaunchUITestsLaunchTests.swift */ = {isa = PBXFileReference; lastKnownFileType = sourcecode.swift; path = AppLaunchUITestsLaunchTests.swift; sourceTree = "<group>"; };
		1614E5DC2A82B258008DFC3F /* TestingAppDelegate.swift */ = {isa = PBXFileReference; lastKnownFileType = sourcecode.swift; path = TestingAppDelegate.swift; sourceTree = "<group>"; };
		1614E5DE2A82B441008DFC3F /* main.swift */ = {isa = PBXFileReference; lastKnownFileType = sourcecode.swift; path = main.swift; sourceTree = "<group>"; };
/* End PBXFileReference section */

/* Begin PBXFrameworksBuildPhase section */
		1614E5A62A82AD64008DFC3F /* Frameworks */ = {
			isa = PBXFrameworksBuildPhase;
			buildActionMask = 2147483647;
			files = (
			);
			runOnlyForDeploymentPostprocessing = 0;
		};
		1614E5BC2A82AD65008DFC3F /* Frameworks */ = {
			isa = PBXFrameworksBuildPhase;
			buildActionMask = 2147483647;
			files = (
			);
			runOnlyForDeploymentPostprocessing = 0;
		};
		1614E5C62A82AD65008DFC3F /* Frameworks */ = {
			isa = PBXFrameworksBuildPhase;
			buildActionMask = 2147483647;
			files = (
			);
			runOnlyForDeploymentPostprocessing = 0;
		};
/* End PBXFrameworksBuildPhase section */

/* Begin PBXGroup section */
		1614E5A02A82AD64008DFC3F = {
			isa = PBXGroup;
			children = (
				1614E5AB2A82AD64008DFC3F /* AppLaunch */,
				1614E5C22A82AD65008DFC3F /* AppLaunchTests */,
				1614E5CC2A82AD65008DFC3F /* AppLaunchUITests */,
				1614E5AA2A82AD64008DFC3F /* Products */,
			);
			sourceTree = "<group>";
		};
		1614E5AA2A82AD64008DFC3F /* Products */ = {
			isa = PBXGroup;
			children = (
				1614E5A92A82AD64008DFC3F /* AppLaunch.app */,
				1614E5BF2A82AD65008DFC3F /* AppLaunchTests.xctest */,
				1614E5C92A82AD65008DFC3F /* AppLaunchUITests.xctest */,
			);
			name = Products;
			sourceTree = "<group>";
		};
		1614E5AB2A82AD64008DFC3F /* AppLaunch */ = {
			isa = PBXGroup;
			children = (
				1614E5AC2A82AD64008DFC3F /* AppDelegate.swift */,
				1614E5AE2A82AD64008DFC3F /* SceneDelegate.swift */,
				1614E5B02A82AD64008DFC3F /* ViewController.swift */,
				1614E5DE2A82B441008DFC3F /* main.swift */,
				1614E5B22A82AD64008DFC3F /* Main.storyboard */,
				1614E5B52A82AD65008DFC3F /* Assets.xcassets */,
				1614E5B72A82AD65008DFC3F /* LaunchScreen.storyboard */,
				1614E5BA2A82AD65008DFC3F /* Info.plist */,
			);
			path = AppLaunch;
			sourceTree = "<group>";
		};
		1614E5C22A82AD65008DFC3F /* AppLaunchTests */ = {
			isa = PBXGroup;
			children = (
				1614E5C32A82AD65008DFC3F /* AppLaunchTests.swift */,
				1614E5DC2A82B258008DFC3F /* TestingAppDelegate.swift */,
			);
			path = AppLaunchTests;
			sourceTree = "<group>";
		};
		1614E5CC2A82AD65008DFC3F /* AppLaunchUITests */ = {
			isa = PBXGroup;
			children = (
				1614E5CD2A82AD65008DFC3F /* AppLaunchUITests.swift */,
				1614E5CF2A82AD65008DFC3F /* AppLaunchUITestsLaunchTests.swift */,
			);
			path = AppLaunchUITests;
			sourceTree = "<group>";
		};
/* End PBXGroup section */

/* Begin PBXNativeTarget section */
		1614E5A82A82AD64008DFC3F /* AppLaunch */ = {
			isa = PBXNativeTarget;
			buildConfigurationList = 1614E5D32A82AD65008DFC3F /* Build configuration list for PBXNativeTarget "AppLaunch" */;
			buildPhases = (
				1614E5A52A82AD64008DFC3F /* Sources */,
				1614E5A62A82AD64008DFC3F /* Frameworks */,
				1614E5A72A82AD64008DFC3F /* Resources */,
			);
			buildRules = (
			);
			dependencies = (
			);
			name = AppLaunch;
			productName = AppLaunch;
			productReference = 1614E5A92A82AD64008DFC3F /* AppLaunch.app */;
			productType = "com.apple.product-type.application";
		};
		1614E5BE2A82AD65008DFC3F /* AppLaunchTests */ = {
			isa = PBXNativeTarget;
			buildConfigurationList = 1614E5D62A82AD65008DFC3F /* Build configuration list for PBXNativeTarget "AppLaunchTests" */;
			buildPhases = (
				1614E5BB2A82AD65008DFC3F /* Sources */,
				1614E5BC2A82AD65008DFC3F /* Frameworks */,
				1614E5BD2A82AD65008DFC3F /* Resources */,
			);
			buildRules = (
			);
			dependencies = (
				1614E5C12A82AD65008DFC3F /* PBXTargetDependency */,
			);
			name = AppLaunchTests;
			productName = AppLaunchTests;
			productReference = 1614E5BF2A82AD65008DFC3F /* AppLaunchTests.xctest */;
			productType = "com.apple.product-type.bundle.unit-test";
		};
		1614E5C82A82AD65008DFC3F /* AppLaunchUITests */ = {
			isa = PBXNativeTarget;
			buildConfigurationList = 1614E5D92A82AD65008DFC3F /* Build configuration list for PBXNativeTarget "AppLaunchUITests" */;
			buildPhases = (
				1614E5C52A82AD65008DFC3F /* Sources */,
				1614E5C62A82AD65008DFC3F /* Frameworks */,
				1614E5C72A82AD65008DFC3F /* Resources */,
			);
			buildRules = (
			);
			dependencies = (
				1614E5CB2A82AD65008DFC3F /* PBXTargetDependency */,
			);
			name = AppLaunchUITests;
			productName = AppLaunchUITests;
			productReference = 1614E5C92A82AD65008DFC3F /* AppLaunchUITests.xctest */;
			productType = "com.apple.product-type.bundle.ui-testing";
		};
/* End PBXNativeTarget section */

/* Begin PBXProject section */
		1614E5A12A82AD64008DFC3F /* Project object */ = {
			isa = PBXProject;
			attributes = {
				BuildIndependentTargetsInParallel = 1;
				LastSwiftUpdateCheck = 1420;
				LastUpgradeCheck = 1420;
				TargetAttributes = {
					1614E5A82A82AD64008DFC3F = {
						CreatedOnToolsVersion = 14.2;
					};
					1614E5BE2A82AD65008DFC3F = {
						CreatedOnToolsVersion = 14.2;
						TestTargetID = 1614E5A82A82AD64008DFC3F;
					};
					1614E5C82A82AD65008DFC3F = {
						CreatedOnToolsVersion = 14.2;
						TestTargetID = 1614E5A82A82AD64008DFC3F;
					};
				};
			};
			buildConfigurationList = 1614E5A42A82AD64008DFC3F /* Build configuration list for PBXProject "AppLaunch" */;
			compatibilityVersion = "Xcode 14.0";
			developmentRegion = en;
			hasScannedForEncodings = 0;
			knownRegions = (
				en,
				Base,
			);
			mainGroup = 1614E5A02A82AD64008DFC3F;
			productRefGroup = 1614E5AA2A82AD64008DFC3F /* Products */;
			projectDirPath = "";
			projectRoot = "";
			targets = (
				1614E5A82A82AD64008DFC3F /* AppLaunch */,
				1614E5BE2A82AD65008DFC3F /* AppLaunchTests */,
				1614E5C82A82AD65008DFC3F /* AppLaunchUITests */,
			);
		};
/* End PBXProject section */

/* Begin PBXResourcesBuildPhase section */
		1614E5A72A82AD64008DFC3F /* Resources */ = {
			isa = PBXResourcesBuildPhase;
			buildActionMask = 2147483647;
			files = (
				1614E5B92A82AD65008DFC3F /* LaunchScreen.storyboard in Resources */,
				1614E5B62A82AD65008DFC3F /* Assets.xcassets in Resources */,
				1614E5B42A82AD64008DFC3F /* Main.storyboard in Resources */,
			);
			runOnlyForDeploymentPostprocessing = 0;
		};
		1614E5BD2A82AD65008DFC3F /* Resources */ = {
			isa = PBXResourcesBuildPhase;
			buildActionMask = 2147483647;
			files = (
			);
			runOnlyForDeploymentPostprocessing = 0;
		};
		1614E5C72A82AD65008DFC3F /* Resources */ = {
			isa = PBXResourcesBuildPhase;
			buildActionMask = 2147483647;
			files = (
			);
			runOnlyForDeploymentPostprocessing = 0;
		};
/* End PBXResourcesBuildPhase section */

/* Begin PBXSourcesBuildPhase section */
		1614E5A52A82AD64008DFC3F /* Sources */ = {
			isa = PBXSourcesBuildPhase;
			buildActionMask = 2147483647;
			files = (
				1614E5B12A82AD64008DFC3F /* ViewController.swift in Sources */,
				1614E5AD2A82AD64008DFC3F /* AppDelegate.swift in Sources */,
				1614E5DF2A82B441008DFC3F /* main.swift in Sources */,
				1614E5AF2A82AD64008DFC3F /* SceneDelegate.swift in Sources */,
			);
			runOnlyForDeploymentPostprocessing = 0;
		};
		1614E5BB2A82AD65008DFC3F /* Sources */ = {
			isa = PBXSourcesBuildPhase;
			buildActionMask = 2147483647;
			files = (
				1614E5C42A82AD65008DFC3F /* AppLaunchTests.swift in Sources */,
				1614E5DD2A82B258008DFC3F /* TestingAppDelegate.swift in Sources */,
			);
			runOnlyForDeploymentPostprocessing = 0;
		};
		1614E5C52A82AD65008DFC3F /* Sources */ = {
			isa = PBXSourcesBuildPhase;
			buildActionMask = 2147483647;
			files = (
				1614E5CE2A82AD65008DFC3F /* AppLaunchUITests.swift in Sources */,
				1614E5D02A82AD65008DFC3F /* AppLaunchUITestsLaunchTests.swift in Sources */,
			);
			runOnlyForDeploymentPostprocessing = 0;
		};
/* End PBXSourcesBuildPhase section */

/* Begin PBXTargetDependency section */
		1614E5C12A82AD65008DFC3F /* PBXTargetDependency */ = {
			isa = PBXTargetDependency;
			target = 1614E5A82A82AD64008DFC3F /* AppLaunch */;
			targetProxy = 1614E5C02A82AD65008DFC3F /* PBXContainerItemProxy */;
		};
		1614E5CB2A82AD65008DFC3F /* PBXTargetDependency */ = {
			isa = PBXTargetDependency;
			target = 1614E5A82A82AD64008DFC3F /* AppLaunch */;
			targetProxy = 1614E5CA2A82AD65008DFC3F /* PBXContainerItemProxy */;
		};
/* End PBXTargetDependency section */

/* Begin PBXVariantGroup section */
		1614E5B22A82AD64008DFC3F /* Main.storyboard */ = {
			isa = PBXVariantGroup;
			children = (
				1614E5B32A82AD64008DFC3F /* Base */,
			);
			name = Main.storyboard;
			sourceTree = "<group>";
		};
		1614E5B72A82AD65008DFC3F /* LaunchScreen.storyboard */ = {
			isa = PBXVariantGroup;
			children = (
				1614E5B82A82AD65008DFC3F /* Base */,
			);
			name = LaunchScreen.storyboard;
			sourceTree = "<group>";
		};
/* End PBXVariantGroup section */

/* Begin XCBuildConfiguration section */
		1614E5D12A82AD65008DFC3F /* Debug */ = {
			isa = XCBuildConfiguration;
			buildSettings = {
				ALWAYS_SEARCH_USER_PATHS = NO;
				CLANG_ANALYZER_NONNULL = YES;
				CLANG_ANALYZER_NUMBER_OBJECT_CONVERSION = YES_AGGRESSIVE;
				CLANG_CXX_LANGUAGE_STANDARD = "gnu++20";
				CLANG_ENABLE_MODULES = YES;
				CLANG_ENABLE_OBJC_ARC = YES;
				CLANG_ENABLE_OBJC_WEAK = YES;
				CLANG_WARN_BLOCK_CAPTURE_AUTORELEASING = YES;
				CLANG_WARN_BOOL_CONVERSION = YES;
				CLANG_WARN_COMMA = YES;
				CLANG_WARN_CONSTANT_CONVERSION = YES;
				CLANG_WARN_DEPRECATED_OBJC_IMPLEMENTATIONS = YES;
				CLANG_WARN_DIRECT_OBJC_ISA_USAGE = YES_ERROR;
				CLANG_WARN_DOCUMENTATION_COMMENTS = YES;
				CLANG_WARN_EMPTY_BODY = YES;
				CLANG_WARN_ENUM_CONVERSION = YES;
				CLANG_WARN_INFINITE_RECURSION = YES;
				CLANG_WARN_INT_CONVERSION = YES;
				CLANG_WARN_NON_LITERAL_NULL_CONVERSION = YES;
				CLANG_WARN_OBJC_IMPLICIT_RETAIN_SELF = YES;
				CLANG_WARN_OBJC_LITERAL_CONVERSION = YES;
				CLANG_WARN_OBJC_ROOT_CLASS = YES_ERROR;
				CLANG_WARN_QUOTED_INCLUDE_IN_FRAMEWORK_HEADER = YES;
				CLANG_WARN_RANGE_LOOP_ANALYSIS = YES;
				CLANG_WARN_STRICT_PROTOTYPES = YES;
				CLANG_WARN_SUSPICIOUS_MOVE = YES;
				CLANG_WARN_UNGUARDED_AVAILABILITY = YES_AGGRESSIVE;
				CLANG_WARN_UNREACHABLE_CODE = YES;
				CLANG_WARN__DUPLICATE_METHOD_MATCH = YES;
				COPY_PHASE_STRIP = NO;
				DEBUG_INFORMATION_FORMAT = dwarf;
				ENABLE_STRICT_OBJC_MSGSEND = YES;
				ENABLE_TESTABILITY = YES;
				GCC_C_LANGUAGE_STANDARD = gnu11;
				GCC_DYNAMIC_NO_PIC = NO;
				GCC_NO_COMMON_BLOCKS = YES;
				GCC_OPTIMIZATION_LEVEL = 0;
				GCC_PREPROCESSOR_DEFINITIONS = (
					"DEBUG=1",
					"$(inherited)",
				);
				GCC_WARN_64_TO_32_BIT_CONVERSION = YES;
				GCC_WARN_ABOUT_RETURN_TYPE = YES_ERROR;
				GCC_WARN_UNDECLARED_SELECTOR = YES;
				GCC_WARN_UNINITIALIZED_AUTOS = YES_AGGRESSIVE;
				GCC_WARN_UNUSED_FUNCTION = YES;
				GCC_WARN_UNUSED_VARIABLE = YES;
				IPHONEOS_DEPLOYMENT_TARGET = 16.2;
				MTL_ENABLE_DEBUG_INFO = INCLUDE_SOURCE;
				MTL_FAST_MATH = YES;
				ONLY_ACTIVE_ARCH = YES;
				SDKROOT = iphoneos;
				SWIFT_ACTIVE_COMPILATION_CONDITIONS = DEBUG;
				SWIFT_OPTIMIZATION_LEVEL = "-Onone";
			};
			name = Debug;
		};
		1614E5D22A82AD65008DFC3F /* Release */ = {
			isa = XCBuildConfiguration;
			buildSettings = {
				ALWAYS_SEARCH_USER_PATHS = NO;
				CLANG_ANALYZER_NONNULL = YES;
				CLANG_ANALYZER_NUMBER_OBJECT_CONVERSION = YES_AGGRESSIVE;
				CLANG_CXX_LANGUAGE_STANDARD = "gnu++20";
				CLANG_ENABLE_MODULES = YES;
				CLANG_ENABLE_OBJC_ARC = YES;
				CLANG_ENABLE_OBJC_WEAK = YES;
				CLANG_WARN_BLOCK_CAPTURE_AUTORELEASING = YES;
				CLANG_WARN_BOOL_CONVERSION = YES;
				CLANG_WARN_COMMA = YES;
				CLANG_WARN_CONSTANT_CONVERSION = YES;
				CLANG_WARN_DEPRECATED_OBJC_IMPLEMENTATIONS = YES;
				CLANG_WARN_DIRECT_OBJC_ISA_USAGE = YES_ERROR;
				CLANG_WARN_DOCUMENTATION_COMMENTS = YES;
				CLANG_WARN_EMPTY_BODY = YES;
				CLANG_WARN_ENUM_CONVERSION = YES;
				CLANG_WARN_INFINITE_RECURSION = YES;
				CLANG_WARN_INT_CONVERSION = YES;
				CLANG_WARN_NON_LITERAL_NULL_CONVERSION = YES;
				CLANG_WARN_OBJC_IMPLICIT_RETAIN_SELF = YES;
				CLANG_WARN_OBJC_LITERAL_CONVERSION = YES;
				CLANG_WARN_OBJC_ROOT_CLASS = YES_ERROR;
				CLANG_WARN_QUOTED_INCLUDE_IN_FRAMEWORK_HEADER = YES;
				CLANG_WARN_RANGE_LOOP_ANALYSIS = YES;
				CLANG_WARN_STRICT_PROTOTYPES = YES;
				CLANG_WARN_SUSPICIOUS_MOVE = YES;
				CLANG_WARN_UNGUARDED_AVAILABILITY = YES_AGGRESSIVE;
				CLANG_WARN_UNREACHABLE_CODE = YES;
				CLANG_WARN__DUPLICATE_METHOD_MATCH = YES;
				COPY_PHASE_STRIP = NO;
				DEBUG_INFORMATION_FORMAT = "dwarf-with-dsym";
				ENABLE_NS_ASSERTIONS = NO;
				ENABLE_STRICT_OBJC_MSGSEND = YES;
				GCC_C_LANGUAGE_STANDARD = gnu11;
				GCC_NO_COMMON_BLOCKS = YES;
				GCC_WARN_64_TO_32_BIT_CONVERSION = YES;
				GCC_WARN_ABOUT_RETURN_TYPE = YES_ERROR;
				GCC_WARN_UNDECLARED_SELECTOR = YES;
				GCC_WARN_UNINITIALIZED_AUTOS = YES_AGGRESSIVE;
				GCC_WARN_UNUSED_FUNCTION = YES;
				GCC_WARN_UNUSED_VARIABLE = YES;
				IPHONEOS_DEPLOYMENT_TARGET = 16.2;
				MTL_ENABLE_DEBUG_INFO = NO;
				MTL_FAST_MATH = YES;
				SDKROOT = iphoneos;
				SWIFT_COMPILATION_MODE = wholemodule;
				SWIFT_OPTIMIZATION_LEVEL = "-O";
				VALIDATE_PRODUCT = YES;
			};
			name = Release;
		};
		1614E5D42A82AD65008DFC3F /* Debug */ = {
			isa = XCBuildConfiguration;
			buildSettings = {
				ASSETCATALOG_COMPILER_APPICON_NAME = AppIcon;
				ASSETCATALOG_COMPILER_GLOBAL_ACCENT_COLOR_NAME = AccentColor;
				CODE_SIGN_STYLE = Automatic;
				CURRENT_PROJECT_VERSION = 1;
				GENERATE_INFOPLIST_FILE = YES;
				INFOPLIST_FILE = AppLaunch/Info.plist;
				INFOPLIST_KEY_UIApplicationSupportsIndirectInputEvents = YES;
				INFOPLIST_KEY_UILaunchStoryboardName = LaunchScreen;
				INFOPLIST_KEY_UIMainStoryboardFile = Main;
				INFOPLIST_KEY_UISupportedInterfaceOrientations_iPad = "UIInterfaceOrientationPortrait UIInterfaceOrientationPortraitUpsideDown UIInterfaceOrientationLandscapeLeft UIInterfaceOrientationLandscapeRight";
				INFOPLIST_KEY_UISupportedInterfaceOrientations_iPhone = "UIInterfaceOrientationPortrait UIInterfaceOrientationLandscapeLeft UIInterfaceOrientationLandscapeRight";
				LD_RUNPATH_SEARCH_PATHS = (
					"$(inherited)",
					"@executable_path/Frameworks",
				);
				MARKETING_VERSION = 1.0;
				PRODUCT_BUNDLE_IDENTIFIER = com.abrarulhaq.AppLaunch.AppLaunch;
				PRODUCT_NAME = "$(TARGET_NAME)";
				SWIFT_EMIT_LOC_STRINGS = YES;
				SWIFT_VERSION = 5.0;
				TARGETED_DEVICE_FAMILY = "1,2";
			};
			name = Debug;
		};
		1614E5D52A82AD65008DFC3F /* Release */ = {
			isa = XCBuildConfiguration;
			buildSettings = {
				ASSETCATALOG_COMPILER_APPICON_NAME = AppIcon;
				ASSETCATALOG_COMPILER_GLOBAL_ACCENT_COLOR_NAME = AccentColor;
				CODE_SIGN_STYLE = Automatic;
				CURRENT_PROJECT_VERSION = 1;
				GENERATE_INFOPLIST_FILE = YES;
				INFOPLIST_FILE = AppLaunch/Info.plist;
				INFOPLIST_KEY_UIApplicationSupportsIndirectInputEvents = YES;
				INFOPLIST_KEY_UILaunchStoryboardName = LaunchScreen;
				INFOPLIST_KEY_UIMainStoryboardFile = Main;
				INFOPLIST_KEY_UISupportedInterfaceOrientations_iPad = "UIInterfaceOrientationPortrait UIInterfaceOrientationPortraitUpsideDown UIInterfaceOrientationLandscapeLeft UIInterfaceOrientationLandscapeRight";
				INFOPLIST_KEY_UISupportedInterfaceOrientations_iPhone = "UIInterfaceOrientationPortrait UIInterfaceOrientationLandscapeLeft UIInterfaceOrientationLandscapeRight";
				LD_RUNPATH_SEARCH_PATHS = (
					"$(inherited)",
					"@executable_path/Frameworks",
				);
				MARKETING_VERSION = 1.0;
				PRODUCT_BUNDLE_IDENTIFIER = com.abrarulhaq.AppLaunch.AppLaunch;
				PRODUCT_NAME = "$(TARGET_NAME)";
				SWIFT_EMIT_LOC_STRINGS = YES;
				SWIFT_VERSION = 5.0;
				TARGETED_DEVICE_FAMILY = "1,2";
			};
			name = Release;
		};
		1614E5D72A82AD65008DFC3F /* Debug */ = {
			isa = XCBuildConfiguration;
			buildSettings = {
				ALWAYS_EMBED_SWIFT_STANDARD_LIBRARIES = YES;
				BUNDLE_LOADER = "$(TEST_HOST)";
				CODE_SIGN_STYLE = Automatic;
				CURRENT_PROJECT_VERSION = 1;
				GENERATE_INFOPLIST_FILE = YES;
				IPHONEOS_DEPLOYMENT_TARGET = 16.2;
				MARKETING_VERSION = 1.0;
				PRODUCT_BUNDLE_IDENTIFIER = com.abrarulhaq.AppLaunch.AppLaunchTests;
				PRODUCT_NAME = "$(TARGET_NAME)";
				SWIFT_EMIT_LOC_STRINGS = NO;
				SWIFT_VERSION = 5.0;
				TARGETED_DEVICE_FAMILY = "1,2";
				TEST_HOST = "$(BUILT_PRODUCTS_DIR)/AppLaunch.app/$(BUNDLE_EXECUTABLE_FOLDER_PATH)/AppLaunch";
			};
			name = Debug;
		};
		1614E5D82A82AD65008DFC3F /* Release */ = {
			isa = XCBuildConfiguration;
			buildSettings = {
				ALWAYS_EMBED_SWIFT_STANDARD_LIBRARIES = YES;
				BUNDLE_LOADER = "$(TEST_HOST)";
				CODE_SIGN_STYLE = Automatic;
				CURRENT_PROJECT_VERSION = 1;
				GENERATE_INFOPLIST_FILE = YES;
				IPHONEOS_DEPLOYMENT_TARGET = 16.2;
				MARKETING_VERSION = 1.0;
				PRODUCT_BUNDLE_IDENTIFIER = com.abrarulhaq.AppLaunch.AppLaunchTests;
				PRODUCT_NAME = "$(TARGET_NAME)";
				SWIFT_EMIT_LOC_STRINGS = NO;
				SWIFT_VERSION = 5.0;
				TARGETED_DEVICE_FAMILY = "1,2";
				TEST_HOST = "$(BUILT_PRODUCTS_DIR)/AppLaunch.app/$(BUNDLE_EXECUTABLE_FOLDER_PATH)/AppLaunch";
			};
			name = Release;
		};
		1614E5DA2A82AD65008DFC3F /* Debug */ = {
			isa = XCBuildConfiguration;
			buildSettings = {
				ALWAYS_EMBED_SWIFT_STANDARD_LIBRARIES = YES;
				CODE_SIGN_STYLE = Automatic;
				CURRENT_PROJECT_VERSION = 1;
				GENERATE_INFOPLIST_FILE = YES;
				MARKETING_VERSION = 1.0;
				PRODUCT_BUNDLE_IDENTIFIER = com.abrarulhaq.AppLaunch.AppLaunchUITests;
				PRODUCT_NAME = "$(TARGET_NAME)";
				SWIFT_EMIT_LOC_STRINGS = NO;
				SWIFT_VERSION = 5.0;
				TARGETED_DEVICE_FAMILY = "1,2";
				TEST_TARGET_NAME = AppLaunch;
			};
			name = Debug;
		};
		1614E5DB2A82AD65008DFC3F /* Release */ = {
			isa = XCBuildConfiguration;
			buildSettings = {
				ALWAYS_EMBED_SWIFT_STANDARD_LIBRARIES = YES;
				CODE_SIGN_STYLE = Automatic;
				CURRENT_PROJECT_VERSION = 1;
				GENERATE_INFOPLIST_FILE = YES;
				MARKETING_VERSION = 1.0;
				PRODUCT_BUNDLE_IDENTIFIER = com.abrarulhaq.AppLaunch.AppLaunchUITests;
				PRODUCT_NAME = "$(TARGET_NAME)";
				SWIFT_EMIT_LOC_STRINGS = NO;
				SWIFT_VERSION = 5.0;
				TARGETED_DEVICE_FAMILY = "1,2";
				TEST_TARGET_NAME = AppLaunch;
			};
			name = Release;
		};
/* End XCBuildConfiguration section */

/* Begin XCConfigurationList section */
		1614E5A42A82AD64008DFC3F /* Build configuration list for PBXProject "AppLaunch" */ = {
			isa = XCConfigurationList;
			buildConfigurations = (
				1614E5D12A82AD65008DFC3F /* Debug */,
				1614E5D22A82AD65008DFC3F /* Release */,
			);
			defaultConfigurationIsVisible = 0;
			defaultConfigurationName = Release;
		};
		1614E5D32A82AD65008DFC3F /* Build configuration list for PBXNativeTarget "AppLaunch" */ = {
			isa = XCConfigurationList;
			buildConfigurations = (
				1614E5D42A82AD65008DFC3F /* Debug */,
				1614E5D52A82AD65008DFC3F /* Release */,
			);
			defaultConfigurationIsVisible = 0;
			defaultConfigurationName = Release;
		};
		1614E5D62A82AD65008DFC3F /* Build configuration list for PBXNativeTarget "AppLaunchTests" */ = {
			isa = XCConfigurationList;
			buildConfigurations = (
				1614E5D72A82AD65008DFC3F /* Debug */,
				1614E5D82A82AD65008DFC3F /* Release */,
			);
			defaultConfigurationIsVisible = 0;
			defaultConfigurationName = Release;
		};
		1614E5D92A82AD65008DFC3F /* Build configuration list for PBXNativeTarget "AppLaunchUITests" */ = {
			isa = XCConfigurationList;
			buildConfigurations = (
				1614E5DA2A82AD65008DFC3F /* Debug */,
				1614E5DB2A82AD65008DFC3F /* Release */,
			);
			defaultConfigurationIsVisible = 0;
			defaultConfigurationName = Release;
		};
/* End XCConfigurationList section */
	};
	rootObject = 1614E5A12A82AD64008DFC3F /* Project object */;
}
